
Microsoft Visual Studio Solution File, Format Version 12.00
# Visual Studio Version 16
VisualStudioVersion = 16.0.31424.327
MinimumVisualStudioVersion = 10.0.40219.1
Project("{8BC9CEB8-8B4A-11D0-8D11-00A0C91BC942}") = "Practical 4", "Practical 4.vcxproj", "{2FB1CC38-01FE-473E-8889-39E1F24F891F}"
EndProject
Global
	GlobalSection(SolutionConfigurationPlatforms) = preSolution
		Debug|x64 = Debug|x64
		Debug|x86 = Debug|x86
		Release|x64 = Release|x64
		Release|x86 = Release|x86
	EndGlobalSection
	GlobalSection(ProjectConfigurationPlatforms) = postSolution
		{2FB1CC38-01FE-473E-8889-39E1F24F891F}.Debug|x64.ActiveCfg = Debug|x64
		{2FB1CC38-01FE-473E-8889-39E1F24F891F}.Debug|x64.Build.0 = Debug|x64
		{2FB1CC38-01FE-473E-8889-39E1F24F891F}.Debug|x86.ActiveCfg = Debug|Win32
		{2FB1CC38-01FE-473E-8889-39E1F24F891F}.Debug|x86.Build.0 = Debug|Win32
		{2FB1CC38-01FE-473E-8889-39E1F24F891F}.Release|x64.ActiveCfg = Release|x64
		{2FB1CC38-01FE-473E-8889-39E1F24F891F}.Release|x64.Build.0 = Release|x64
		{2FB1CC38-01FE-473E-8889-39E1F24F891F}.Release|x86.ActiveCfg = Release|Win32
		{2FB1CC38-01FE-473E-8889-39E1F24F891F}.Release|x86.Build.0 = Release|Win32
	EndGlobalSection
	GlobalSection(SolutionProperties) = preSolution
		HideSolutionNode = FALSE
	EndGlobalSection
	GlobalSection(ExtensibilityGlobals) = postSolution
		SolutionGuid = {F55A6D46-2677-4BCD-9118-DB28D8F387CD}
	EndGlobalSection
EndGlobal
